
Microsoft Visual Studio Solution File, Format Version 12.00
# Visual Studio Version 17
VisualStudioVersion = 17.7.34009.444
MinimumVisualStudioVersion = 10.0.40219.1
Project("{FAE04EC0-301F-11D3-BF4B-00C04F79EFBC}") = "WEBWVC", "WEBWVC\WEBWVC.csproj", "{2FCABE03-E307-4756-9135-97B33371DEAE}"
EndProject
Global
	GlobalSection(SolutionConfigurationPlatforms) = preSolution
		Debug|Any CPU = Debug|Any CPU
		Release|Any CPU = Release|Any CPU
	EndGlobalSection
	GlobalSection(ProjectConfigurationPlatforms) = postSolution
		{2FCABE03-E307-4756-9135-97B33371DEAE}.Debug|Any CPU.ActiveCfg = Debug|Any CPU
		{2FCABE03-E307-4756-9135-97B33371DEAE}.Debug|Any CPU.Build.0 = Debug|Any CPU
		{2FCABE03-E307-4756-9135-97B33371DEAE}.Release|Any CPU.ActiveCfg = Release|Any CPU
		{2FCABE03-E307-4756-9135-97B33371DEAE}.Release|Any CPU.Build.0 = Release|Any CPU
	EndGlobalSection
	GlobalSection(SolutionProperties) = preSolution
		HideSolutionNode = FALSE
	EndGlobalSection
	GlobalSection(ExtensibilityGlobals) = postSolution
		SolutionGuid = {52EC24E9-75F0-4AE3-969B-05ABCE1AFC50}
	EndGlobalSection
EndGlobal
